
Microsoft Visual Studio Solution File, Format Version 12.00
# Visual Studio 15
VisualStudioVersion = 15.0.26430.14
MinimumVisualStudioVersion = 10.0.40219.1
Project("{FAE04EC0-301F-11D3-BF4B-00C04F79EFBC}") = "grade-scores", "grade-scores\grade-scores.csproj", "{15130279-6FAF-4F3D-8D44-58249895DB96}"
EndProject
Project("{FAE04EC0-301F-11D3-BF4B-00C04F79EFBC}") = "grade-scores-tests", "grade-scores-tests\grade-scores-tests.csproj", "{F4FF7676-A91C-4ACB-9015-23EFFEAA7141}"
EndProject
Global
	GlobalSection(SolutionConfigurationPlatforms) = preSolution
		Debug|Any CPU = Debug|Any CPU
		Release|Any CPU = Release|Any CPU
	EndGlobalSection
	GlobalSection(ProjectConfigurationPlatforms) = postSolution
		{15130279-6FAF-4F3D-8D44-58249895DB96}.Debug|Any CPU.ActiveCfg = Debug|Any CPU
		{15130279-6FAF-4F3D-8D44-58249895DB96}.Debug|Any CPU.Build.0 = Debug|Any CPU
		{15130279-6FAF-4F3D-8D44-58249895DB96}.Release|Any CPU.ActiveCfg = Release|Any CPU
		{15130279-6FAF-4F3D-8D44-58249895DB96}.Release|Any CPU.Build.0 = Release|Any CPU
		{F4FF7676-A91C-4ACB-9015-23EFFEAA7141}.Debug|Any CPU.ActiveCfg = Debug|Any CPU
		{F4FF7676-A91C-4ACB-9015-23EFFEAA7141}.Debug|Any CPU.Build.0 = Debug|Any CPU
		{F4FF7676-A91C-4ACB-9015-23EFFEAA7141}.Release|Any CPU.ActiveCfg = Release|Any CPU
		{F4FF7676-A91C-4ACB-9015-23EFFEAA7141}.Release|Any CPU.Build.0 = Release|Any CPU
	EndGlobalSection
	GlobalSection(SolutionProperties) = preSolution
		HideSolutionNode = FALSE
	EndGlobalSection
EndGlobal
